
Microsoft Visual Studio Solution File, Format Version 12.00
# Visual Studio Version 17
VisualStudioVersion = 17.3.32929.385
MinimumVisualStudioVersion = 10.0.40219.1
Project("{FAE04EC0-301F-11D3-BF4B-00C04F79EFBC}") = "WazeCredit_LearnDependencyInjection", "WazeCredit_LearnDependencyInjection\WazeCredit_LearnDependencyInjection.csproj", "{186B6725-8D67-407E-BE2E-4FCB7613AD19}"
EndProject
Global
	GlobalSection(SolutionConfigurationPlatforms) = preSolution
		Debug|Any CPU = Debug|Any CPU
		Release|Any CPU = Release|Any CPU
	EndGlobalSection
	GlobalSection(ProjectConfigurationPlatforms) = postSolution
		{186B6725-8D67-407E-BE2E-4FCB7613AD19}.Debug|Any CPU.ActiveCfg = Debug|Any CPU
		{186B6725-8D67-407E-BE2E-4FCB7613AD19}.Debug|Any CPU.Build.0 = Debug|Any CPU
		{186B6725-8D67-407E-BE2E-4FCB7613AD19}.Release|Any CPU.ActiveCfg = Release|Any CPU
		{186B6725-8D67-407E-BE2E-4FCB7613AD19}.Release|Any CPU.Build.0 = Release|Any CPU
	EndGlobalSection
	GlobalSection(SolutionProperties) = preSolution
		HideSolutionNode = FALSE
	EndGlobalSection
	GlobalSection(ExtensibilityGlobals) = postSolution
		SolutionGuid = {B8A73C5A-E8A3-4FD3-8EA0-FBEB31403E88}
	EndGlobalSection
EndGlobal
